
Microsoft Visual Studio Solution File, Format Version 12.00
# Visual Studio Version 17
VisualStudioVersion = 17.9.34622.214
MinimumVisualStudioVersion = 10.0.40219.1
Project("{FAE04EC0-301F-11D3-BF4B-00C04F79EFBC}") = "Blog.web", "Blog.web\Blog.web.csproj", "{D46B2380-6A60-4249-9145-9BE94BE3F8E5}"
EndProject
Global
	GlobalSection(SolutionConfigurationPlatforms) = preSolution
		Debug|Any CPU = Debug|Any CPU
		Release|Any CPU = Release|Any CPU
	EndGlobalSection
	GlobalSection(ProjectConfigurationPlatforms) = postSolution
		{D46B2380-6A60-4249-9145-9BE94BE3F8E5}.Debug|Any CPU.ActiveCfg = Debug|Any CPU
		{D46B2380-6A60-4249-9145-9BE94BE3F8E5}.Debug|Any CPU.Build.0 = Debug|Any CPU
		{D46B2380-6A60-4249-9145-9BE94BE3F8E5}.Release|Any CPU.ActiveCfg = Release|Any CPU
		{D46B2380-6A60-4249-9145-9BE94BE3F8E5}.Release|Any CPU.Build.0 = Release|Any CPU
	EndGlobalSection
	GlobalSection(SolutionProperties) = preSolution
		HideSolutionNode = FALSE
	EndGlobalSection
	GlobalSection(ExtensibilityGlobals) = postSolution
		SolutionGuid = {3E793C06-5C45-4C4B-B91E-E5893C4C4BA7}
	EndGlobalSection
EndGlobal
